{
  "nodes": {
    "home-manager": {
      "inputs": {
        "nixpkgs": "nixpkgs"
      },
      "locked": {
        "lastModified": 1631573611,
        "narHash": "sha256-u2E/wstadWNcn6vOIoK1xY86QPOzzBZQfT1FbePfdaI=",
        "owner": "nix-community",
        "repo": "home-manager",
        "rev": "7d9ba15214004c979d2c8733f8be12ce6502cf8a",
        "type": "github"
      },
      "original": {
        "owner": "nix-community",
        "ref": "release-21.05",
        "repo": "home-manager",
        "type": "github"
      }
    },
    "nixpkgs": {
      "locked": {
        "lastModified": 1633138701,
        "narHash": "sha256-vJpgerTlSKa9GDQ7yIjAuaFO5Ytpe5lpUhbIGpE4I1M=",
        "owner": "NixOS",
        "repo": "nixpkgs",
        "rev": "3b1580264a146df73470263f598c7f6b8e113226",
        "type": "github"
      },
      "original": {
        "id": "nixpkgs",
        "type": "indirect"
      }
    },
    "nixpkgs_2": {
      "locked": {
        "lastModified": 1633120464,
        "narHash": "sha256-0vSzIikM4Zs9YqilCfpX+B8zKnJycPP63YDRt2f/wT8=",
        "owner": "nixos",
        "repo": "nixpkgs",
        "rev": "e13415439621ab8cc41b0e76a9dd623c3baeb8ac",
        "type": "github"
      },
      "original": {
        "owner": "nixos",
        "ref": "release-21.05",
        "repo": "nixpkgs",
        "type": "github"
      }
    },
    "root": {
      "inputs": {
        "home-manager": "home-manager",
        "nixpkgs": "nixpkgs_2"
      }
    }
  },
  "root": "root",
  "version": 7
}
